
Microsoft Visual Studio Solution File, Format Version 12.00
# Visual Studio Version 17
VisualStudioVersion = 17.8.34525.116
MinimumVisualStudioVersion = 10.0.40219.1
Project("{FAE04EC0-301F-11D3-BF4B-00C04F79EFBC}") = "NewNet8Auth", "NewNet8Auth\NewNet8Auth.csproj", "{EE0B89D8-D779-456A-B20C-5596D07558AA}"
EndProject
Global
	GlobalSection(SolutionConfigurationPlatforms) = preSolution
		Debug|Any CPU = Debug|Any CPU
		Release|Any CPU = Release|Any CPU
	EndGlobalSection
	GlobalSection(ProjectConfigurationPlatforms) = postSolution
		{EE0B89D8-D779-456A-B20C-5596D07558AA}.Debug|Any CPU.ActiveCfg = Debug|Any CPU
		{EE0B89D8-D779-456A-B20C-5596D07558AA}.Debug|Any CPU.Build.0 = Debug|Any CPU
		{EE0B89D8-D779-456A-B20C-5596D07558AA}.Release|Any CPU.ActiveCfg = Release|Any CPU
		{EE0B89D8-D779-456A-B20C-5596D07558AA}.Release|Any CPU.Build.0 = Release|Any CPU
	EndGlobalSection
	GlobalSection(SolutionProperties) = preSolution
		HideSolutionNode = FALSE
	EndGlobalSection
	GlobalSection(ExtensibilityGlobals) = postSolution
		SolutionGuid = {E5646604-9017-4FA2-AA29-F88CE38E9E60}
	EndGlobalSection
EndGlobal
